// !$*UTF8*$!
{
	archiveVersion = 1;
	classes = {
	};
	objectVersion = 55;
	objects = {

/* Begin PBXBuildFile section */
		75F39FE327DA3444008A4E4A /* AppDelegate.swift in Sources */ = {isa = PBXBuildFile; fileRef = 75F39FE227DA3444008A4E4A /* AppDelegate.swift */; };
		75F39FE527DA3444008A4E4A /* SceneDelegate.swift in Sources */ = {isa = PBXBuildFile; fileRef = 75F39FE427DA3444008A4E4A /* SceneDelegate.swift */; };
		75F39FE727DA3444008A4E4A /* RootViewController.swift in Sources */ = {isa = PBXBuildFile; fileRef = 75F39FE627DA3444008A4E4A /* RootViewController.swift */; };
		75F39FEC27DA3446008A4E4A /* Assets.xcassets in Resources */ = {isa = PBXBuildFile; fileRef = 75F39FEB27DA3446008A4E4A /* Assets.xcassets */; };
		75F39FEF27DA3446008A4E4A /* LaunchScreen.storyboard in Resources */ = {isa = PBXBuildFile; fileRef = 75F39FED27DA3446008A4E4A /* LaunchScreen.storyboard */; };
		75F39FFA27DA3447008A4E4A /* EightQueensPuzzleTests.swift in Sources */ = {isa = PBXBuildFile; fileRef = 75F39FF927DA3447008A4E4A /* EightQueensPuzzleTests.swift */; };
		75F3A00427DA3447008A4E4A /* EightQueensPuzzleUITests.swift in Sources */ = {isa = PBXBuildFile; fileRef = 75F3A00327DA3447008A4E4A /* EightQueensPuzzleUITests.swift */; };
		75F3A00627DA3447008A4E4A /* EightQueensPuzzleUITestsLaunchTests.swift in Sources */ = {isa = PBXBuildFile; fileRef = 75F3A00527DA3447008A4E4A /* EightQueensPuzzleUITestsLaunchTests.swift */; };
		75F3A01427DA365D008A4E4A /* ChessboardFactory.swift in Sources */ = {isa = PBXBuildFile; fileRef = 75F3A01327DA365D008A4E4A /* ChessboardFactory.swift */; };
		75F3A01727DB7154008A4E4A /* UiView+Extension.swift in Sources */ = {isa = PBXBuildFile; fileRef = 75F3A01627DB7154008A4E4A /* UiView+Extension.swift */; };
		75F3A02027DB8036008A4E4A /* SwiftCSP in Frameworks */ = {isa = PBXBuildFile; productRef = 75F3A01F27DB8036008A4E4A /* SwiftCSP */; };
		75F3A02227DB8382008A4E4A /* NQueensConstraint.swift in Sources */ = {isa = PBXBuildFile; fileRef = 75F3A02127DB8382008A4E4A /* NQueensConstraint.swift */; };
/* End PBXBuildFile section */

/* Begin PBXContainerItemProxy section */
		75F39FF627DA3447008A4E4A /* PBXContainerItemProxy */ = {
			isa = PBXContainerItemProxy;
			containerPortal = 75F39FD727DA3444008A4E4A /* Project object */;
			proxyType = 1;
			remoteGlobalIDString = 75F39FDE27DA3444008A4E4A;
			remoteInfo = EightQueensPuzzle;
		};
		75F3A00027DA3447008A4E4A /* PBXContainerItemProxy */ = {
			isa = PBXContainerItemProxy;
			containerPortal = 75F39FD727DA3444008A4E4A /* Project object */;
			proxyType = 1;
			remoteGlobalIDString = 75F39FDE27DA3444008A4E4A;
			remoteInfo = EightQueensPuzzle;
		};
/* End PBXContainerItemProxy section */

/* Begin PBXFileReference section */
		75F39FDF27DA3444008A4E4A /* EightQueensPuzzle.app */ = {isa = PBXFileReference; explicitFileType = wrapper.application; includeInIndex = 0; path = EightQueensPuzzle.app; sourceTree = BUILT_PRODUCTS_DIR; };
		75F39FE227DA3444008A4E4A /* AppDelegate.swift */ = {isa = PBXFileReference; lastKnownFileType = sourcecode.swift; path = AppDelegate.swift; sourceTree = "<group>"; };
		75F39FE427DA3444008A4E4A /* SceneDelegate.swift */ = {isa = PBXFileReference; lastKnownFileType = sourcecode.swift; path = SceneDelegate.swift; sourceTree = "<group>"; };
		75F39FE627DA3444008A4E4A /* RootViewController.swift */ = {isa = PBXFileReference; lastKnownFileType = sourcecode.swift; path = RootViewController.swift; sourceTree = "<group>"; };
		75F39FEB27DA3446008A4E4A /* Assets.xcassets */ = {isa = PBXFileReference; lastKnownFileType = folder.assetcatalog; path = Assets.xcassets; sourceTree = "<group>"; };
		75F39FEE27DA3446008A4E4A /* Base */ = {isa = PBXFileReference; lastKnownFileType = file.storyboard; name = Base; path = Base.lproj/LaunchScreen.storyboard; sourceTree = "<group>"; };
		75F39FF027DA3446008A4E4A /* Info.plist */ = {isa = PBXFileReference; lastKnownFileType = text.plist.xml; path = Info.plist; sourceTree = "<group>"; };
		75F39FF527DA3447008A4E4A /* EightQueensPuzzleTests.xctest */ = {isa = PBXFileReference; explicitFileType = wrapper.cfbundle; includeInIndex = 0; path = EightQueensPuzzleTests.xctest; sourceTree = BUILT_PRODUCTS_DIR; };
		75F39FF927DA3447008A4E4A /* EightQueensPuzzleTests.swift */ = {isa = PBXFileReference; lastKnownFileType = sourcecode.swift; path = EightQueensPuzzleTests.swift; sourceTree = "<group>"; };
		75F39FFF27DA3447008A4E4A /* EightQueensPuzzleUITests.xctest */ = {isa = PBXFileReference; explicitFileType = wrapper.cfbundle; includeInIndex = 0; path = EightQueensPuzzleUITests.xctest; sourceTree = BUILT_PRODUCTS_DIR; };
		75F3A00327DA3447008A4E4A /* EightQueensPuzzleUITests.swift */ = {isa = PBXFileReference; lastKnownFileType = sourcecode.swift; path = EightQueensPuzzleUITests.swift; sourceTree = "<group>"; };
		75F3A00527DA3447008A4E4A /* EightQueensPuzzleUITestsLaunchTests.swift */ = {isa = PBXFileReference; lastKnownFileType = sourcecode.swift; path = EightQueensPuzzleUITestsLaunchTests.swift; sourceTree = "<group>"; };
		75F3A01327DA365D008A4E4A /* ChessboardFactory.swift */ = {isa = PBXFileReference; lastKnownFileType = sourcecode.swift; path = ChessboardFactory.swift; sourceTree = "<group>"; };
		75F3A01627DB7154008A4E4A /* UiView+Extension.swift */ = {isa = PBXFileReference; lastKnownFileType = sourcecode.swift; path = "UiView+Extension.swift"; sourceTree = "<group>"; };
		75F3A02127DB8382008A4E4A /* NQueensConstraint.swift */ = {isa = PBXFileReference; lastKnownFileType = sourcecode.swift; path = NQueensConstraint.swift; sourceTree = "<group>"; };
/* End PBXFileReference section */

/* Begin PBXFrameworksBuildPhase section */
		75F39FDC27DA3444008A4E4A /* Frameworks */ = {
			isa = PBXFrameworksBuildPhase;
			buildActionMask = 2147483647;
			files = (
				75F3A02027DB8036008A4E4A /* SwiftCSP in Frameworks */,
			);
			runOnlyForDeploymentPostprocessing = 0;
		};
		75F39FF227DA3447008A4E4A /* Frameworks */ = {
			isa = PBXFrameworksBuildPhase;
			buildActionMask = 2147483647;
			files = (
			);
			runOnlyForDeploymentPostprocessing = 0;
		};
		75F39FFC27DA3447008A4E4A /* Frameworks */ = {
			isa = PBXFrameworksBuildPhase;
			buildActionMask = 2147483647;
			files = (
			);
			runOnlyForDeploymentPostprocessing = 0;
		};
/* End PBXFrameworksBuildPhase section */

/* Begin PBXGroup section */
		75F39FD627DA3444008A4E4A = {
			isa = PBXGroup;
			children = (
				75F39FE127DA3444008A4E4A /* EightQueensPuzzle */,
				75F39FF827DA3447008A4E4A /* EightQueensPuzzleTests */,
				75F3A00227DA3447008A4E4A /* EightQueensPuzzleUITests */,
				75F39FE027DA3444008A4E4A /* Products */,
			);
			sourceTree = "<group>";
		};
		75F39FE027DA3444008A4E4A /* Products */ = {
			isa = PBXGroup;
			children = (
				75F39FDF27DA3444008A4E4A /* EightQueensPuzzle.app */,
				75F39FF527DA3447008A4E4A /* EightQueensPuzzleTests.xctest */,
				75F39FFF27DA3447008A4E4A /* EightQueensPuzzleUITests.xctest */,
			);
			name = Products;
			sourceTree = "<group>";
		};
		75F39FE127DA3444008A4E4A /* EightQueensPuzzle */ = {
			isa = PBXGroup;
			children = (
				75F3A01527DB713D008A4E4A /* Extensions */,
				75F3A01227DA361F008A4E4A /* Utils */,
				75F39FE227DA3444008A4E4A /* AppDelegate.swift */,
				75F39FE427DA3444008A4E4A /* SceneDelegate.swift */,
				75F39FE627DA3444008A4E4A /* RootViewController.swift */,
				75F39FEB27DA3446008A4E4A /* Assets.xcassets */,
				75F39FED27DA3446008A4E4A /* LaunchScreen.storyboard */,
				75F39FF027DA3446008A4E4A /* Info.plist */,
			);
			path = EightQueensPuzzle;
			sourceTree = "<group>";
		};
		75F39FF827DA3447008A4E4A /* EightQueensPuzzleTests */ = {
			isa = PBXGroup;
			children = (
				75F39FF927DA3447008A4E4A /* EightQueensPuzzleTests.swift */,
			);
			path = EightQueensPuzzleTests;
			sourceTree = "<group>";
		};
		75F3A00227DA3447008A4E4A /* EightQueensPuzzleUITests */ = {
			isa = PBXGroup;
			children = (
				75F3A00327DA3447008A4E4A /* EightQueensPuzzleUITests.swift */,
				75F3A00527DA3447008A4E4A /* EightQueensPuzzleUITestsLaunchTests.swift */,
			);
			path = EightQueensPuzzleUITests;
			sourceTree = "<group>";
		};
		75F3A01227DA361F008A4E4A /* Utils */ = {
			isa = PBXGroup;
			children = (
				75F3A01327DA365D008A4E4A /* ChessboardFactory.swift */,
				75F3A02127DB8382008A4E4A /* NQueensConstraint.swift */,
			);
			path = Utils;
			sourceTree = "<group>";
		};
		75F3A01527DB713D008A4E4A /* Extensions */ = {
			isa = PBXGroup;
			children = (
				75F3A01627DB7154008A4E4A /* UiView+Extension.swift */,
			);
			path = Extensions;
			sourceTree = "<group>";
		};
/* End PBXGroup section */

/* Begin PBXNativeTarget section */
		75F39FDE27DA3444008A4E4A /* EightQueensPuzzle */ = {
			isa = PBXNativeTarget;
			buildConfigurationList = 75F3A00927DA3447008A4E4A /* Build configuration list for PBXNativeTarget "EightQueensPuzzle" */;
			buildPhases = (
				75F39FDB27DA3444008A4E4A /* Sources */,
				75F39FDC27DA3444008A4E4A /* Frameworks */,
				75F39FDD27DA3444008A4E4A /* Resources */,
			);
			buildRules = (
			);
			dependencies = (
			);
			name = EightQueensPuzzle;
			packageProductDependencies = (
				75F3A01F27DB8036008A4E4A /* SwiftCSP */,
			);
			productName = EightQueensPuzzle;
			productReference = 75F39FDF27DA3444008A4E4A /* EightQueensPuzzle.app */;
			productType = "com.apple.product-type.application";
		};
		75F39FF427DA3447008A4E4A /* EightQueensPuzzleTests */ = {
			isa = PBXNativeTarget;
			buildConfigurationList = 75F3A00C27DA3447008A4E4A /* Build configuration list for PBXNativeTarget "EightQueensPuzzleTests" */;
			buildPhases = (
				75F39FF127DA3447008A4E4A /* Sources */,
				75F39FF227DA3447008A4E4A /* Frameworks */,
				75F39FF327DA3447008A4E4A /* Resources */,
			);
			buildRules = (
			);
			dependencies = (
				75F39FF727DA3447008A4E4A /* PBXTargetDependency */,
			);
			name = EightQueensPuzzleTests;
			productName = EightQueensPuzzleTests;
			productReference = 75F39FF527DA3447008A4E4A /* EightQueensPuzzleTests.xctest */;
			productType = "com.apple.product-type.bundle.unit-test";
		};
		75F39FFE27DA3447008A4E4A /* EightQueensPuzzleUITests */ = {
			isa = PBXNativeTarget;
			buildConfigurationList = 75F3A00F27DA3447008A4E4A /* Build configuration list for PBXNativeTarget "EightQueensPuzzleUITests" */;
			buildPhases = (
				75F39FFB27DA3447008A4E4A /* Sources */,
				75F39FFC27DA3447008A4E4A /* Frameworks */,
				75F39FFD27DA3447008A4E4A /* Resources */,
			);
			buildRules = (
			);
			dependencies = (
				75F3A00127DA3447008A4E4A /* PBXTargetDependency */,
			);
			name = EightQueensPuzzleUITests;
			productName = EightQueensPuzzleUITests;
			productReference = 75F39FFF27DA3447008A4E4A /* EightQueensPuzzleUITests.xctest */;
			productType = "com.apple.product-type.bundle.ui-testing";
		};
/* End PBXNativeTarget section */

/* Begin PBXProject section */
		75F39FD727DA3444008A4E4A /* Project object */ = {
			isa = PBXProject;
			attributes = {
				BuildIndependentTargetsInParallel = 1;
				LastSwiftUpdateCheck = 1320;
				LastUpgradeCheck = 1320;
				TargetAttributes = {
					75F39FDE27DA3444008A4E4A = {
						CreatedOnToolsVersion = 13.2.1;
					};
					75F39FF427DA3447008A4E4A = {
						CreatedOnToolsVersion = 13.2.1;
						TestTargetID = 75F39FDE27DA3444008A4E4A;
					};
					75F39FFE27DA3447008A4E4A = {
						CreatedOnToolsVersion = 13.2.1;
						TestTargetID = 75F39FDE27DA3444008A4E4A;
					};
				};
			};
			buildConfigurationList = 75F39FDA27DA3444008A4E4A /* Build configuration list for PBXProject "EightQueensPuzzle" */;
			compatibilityVersion = "Xcode 13.0";
			developmentRegion = en;
			hasScannedForEncodings = 0;
			knownRegions = (
				en,
				Base,
			);
			mainGroup = 75F39FD627DA3444008A4E4A;
			packageReferences = (
				75F3A01E27DB8036008A4E4A /* XCRemoteSwiftPackageReference "SwiftCSP" */,
			);
			productRefGroup = 75F39FE027DA3444008A4E4A /* Products */;
			projectDirPath = "";
			projectRoot = "";
			targets = (
				75F39FDE27DA3444008A4E4A /* EightQueensPuzzle */,
				75F39FF427DA3447008A4E4A /* EightQueensPuzzleTests */,
				75F39FFE27DA3447008A4E4A /* EightQueensPuzzleUITests */,
			);
		};
/* End PBXProject section */

/* Begin PBXResourcesBuildPhase section */
		75F39FDD27DA3444008A4E4A /* Resources */ = {
			isa = PBXResourcesBuildPhase;
			buildActionMask = 2147483647;
			files = (
				75F39FEF27DA3446008A4E4A /* LaunchScreen.storyboard in Resources */,
				75F39FEC27DA3446008A4E4A /* Assets.xcassets in Resources */,
			);
			runOnlyForDeploymentPostprocessing = 0;
		};
		75F39FF327DA3447008A4E4A /* Resources */ = {
			isa = PBXResourcesBuildPhase;
			buildActionMask = 2147483647;
			files = (
			);
			runOnlyForDeploymentPostprocessing = 0;
		};
		75F39FFD27DA3447008A4E4A /* Resources */ = {
			isa = PBXResourcesBuildPhase;
			buildActionMask = 2147483647;
			files = (
			);
			runOnlyForDeploymentPostprocessing = 0;
		};
/* End PBXResourcesBuildPhase section */

/* Begin PBXSourcesBuildPhase section */
		75F39FDB27DA3444008A4E4A /* Sources */ = {
			isa = PBXSourcesBuildPhase;
			buildActionMask = 2147483647;
			files = (
				75F3A02227DB8382008A4E4A /* NQueensConstraint.swift in Sources */,
				75F3A01427DA365D008A4E4A /* ChessboardFactory.swift in Sources */,
				75F39FE727DA3444008A4E4A /* RootViewController.swift in Sources */,
				75F3A01727DB7154008A4E4A /* UiView+Extension.swift in Sources */,
				75F39FE327DA3444008A4E4A /* AppDelegate.swift in Sources */,
				75F39FE527DA3444008A4E4A /* SceneDelegate.swift in Sources */,
			);
			runOnlyForDeploymentPostprocessing = 0;
		};
		75F39FF127DA3447008A4E4A /* Sources */ = {
			isa = PBXSourcesBuildPhase;
			buildActionMask = 2147483647;
			files = (
				75F39FFA27DA3447008A4E4A /* EightQueensPuzzleTests.swift in Sources */,
			);
			runOnlyForDeploymentPostprocessing = 0;
		};
		75F39FFB27DA3447008A4E4A /* Sources */ = {
			isa = PBXSourcesBuildPhase;
			buildActionMask = 2147483647;
			files = (
				75F3A00427DA3447008A4E4A /* EightQueensPuzzleUITests.swift in Sources */,
				75F3A00627DA3447008A4E4A /* EightQueensPuzzleUITestsLaunchTests.swift in Sources */,
			);
			runOnlyForDeploymentPostprocessing = 0;
		};
/* End PBXSourcesBuildPhase section */

/* Begin PBXTargetDependency section */
		75F39FF727DA3447008A4E4A /* PBXTargetDependency */ = {
			isa = PBXTargetDependency;
			target = 75F39FDE27DA3444008A4E4A /* EightQueensPuzzle */;
			targetProxy = 75F39FF627DA3447008A4E4A /* PBXContainerItemProxy */;
		};
		75F3A00127DA3447008A4E4A /* PBXTargetDependency */ = {
			isa = PBXTargetDependency;
			target = 75F39FDE27DA3444008A4E4A /* EightQueensPuzzle */;
			targetProxy = 75F3A00027DA3447008A4E4A /* PBXContainerItemProxy */;
		};
/* End PBXTargetDependency section */

/* Begin PBXVariantGroup section */
		75F39FED27DA3446008A4E4A /* LaunchScreen.storyboard */ = {
			isa = PBXVariantGroup;
			children = (
				75F39FEE27DA3446008A4E4A /* Base */,
			);
			name = LaunchScreen.storyboard;
			sourceTree = "<group>";
		};
/* End PBXVariantGroup section */

/* Begin XCBuildConfiguration section */
		75F3A00727DA3447008A4E4A /* Debug */ = {
			isa = XCBuildConfiguration;
			buildSettings = {
				ALWAYS_SEARCH_USER_PATHS = NO;
				CLANG_ANALYZER_NONNULL = YES;
				CLANG_ANALYZER_NUMBER_OBJECT_CONVERSION = YES_AGGRESSIVE;
				CLANG_CXX_LANGUAGE_STANDARD = "gnu++17";
				CLANG_CXX_LIBRARY = "libc++";
				CLANG_ENABLE_MODULES = YES;
				CLANG_ENABLE_OBJC_ARC = YES;
				CLANG_ENABLE_OBJC_WEAK = YES;
				CLANG_WARN_BLOCK_CAPTURE_AUTORELEASING = YES;
				CLANG_WARN_BOOL_CONVERSION = YES;
				CLANG_WARN_COMMA = YES;
				CLANG_WARN_CONSTANT_CONVERSION = YES;
				CLANG_WARN_DEPRECATED_OBJC_IMPLEMENTATIONS = YES;
				CLANG_WARN_DIRECT_OBJC_ISA_USAGE = YES_ERROR;
				CLANG_WARN_DOCUMENTATION_COMMENTS = YES;
				CLANG_WARN_EMPTY_BODY = YES;
				CLANG_WARN_ENUM_CONVERSION = YES;
				CLANG_WARN_INFINITE_RECURSION = YES;
				CLANG_WARN_INT_CONVERSION = YES;
				CLANG_WARN_NON_LITERAL_NULL_CONVERSION = YES;
				CLANG_WARN_OBJC_IMPLICIT_RETAIN_SELF = YES;
				CLANG_WARN_OBJC_LITERAL_CONVERSION = YES;
				CLANG_WARN_OBJC_ROOT_CLASS = YES_ERROR;
				CLANG_WARN_QUOTED_INCLUDE_IN_FRAMEWORK_HEADER = YES;
				CLANG_WARN_RANGE_LOOP_ANALYSIS = YES;
				CLANG_WARN_STRICT_PROTOTYPES = YES;
				CLANG_WARN_SUSPICIOUS_MOVE = YES;
				CLANG_WARN_UNGUARDED_AVAILABILITY = YES_AGGRESSIVE;
				CLANG_WARN_UNREACHABLE_CODE = YES;
				CLANG_WARN__DUPLICATE_METHOD_MATCH = YES;
				COPY_PHASE_STRIP = NO;
				DEBUG_INFORMATION_FORMAT = dwarf;
				ENABLE_STRICT_OBJC_MSGSEND = YES;
				ENABLE_TESTABILITY = YES;
				GCC_C_LANGUAGE_STANDARD = gnu11;
				GCC_DYNAMIC_NO_PIC = NO;
				GCC_NO_COMMON_BLOCKS = YES;
				GCC_OPTIMIZATION_LEVEL = 0;
				GCC_PREPROCESSOR_DEFINITIONS = (
					"DEBUG=1",
					"$(inherited)",
				);
				GCC_WARN_64_TO_32_BIT_CONVERSION = YES;
				GCC_WARN_ABOUT_RETURN_TYPE = YES_ERROR;
				GCC_WARN_UNDECLARED_SELECTOR = YES;
				GCC_WARN_UNINITIALIZED_AUTOS = YES_AGGRESSIVE;
				GCC_WARN_UNUSED_FUNCTION = YES;
				GCC_WARN_UNUSED_VARIABLE = YES;
				IPHONEOS_DEPLOYMENT_TARGET = 15.2;
				MTL_ENABLE_DEBUG_INFO = INCLUDE_SOURCE;
				MTL_FAST_MATH = YES;
				ONLY_ACTIVE_ARCH = YES;
				SDKROOT = iphoneos;
				SWIFT_ACTIVE_COMPILATION_CONDITIONS = DEBUG;
				SWIFT_OPTIMIZATION_LEVEL = "-Onone";
			};
			name = Debug;
		};
		75F3A00827DA3447008A4E4A /* Release */ = {
			isa = XCBuildConfiguration;
			buildSettings = {
				ALWAYS_SEARCH_USER_PATHS = NO;
				CLANG_ANALYZER_NONNULL = YES;
				CLANG_ANALYZER_NUMBER_OBJECT_CONVERSION = YES_AGGRESSIVE;
				CLANG_CXX_LANGUAGE_STANDARD = "gnu++17";
				CLANG_CXX_LIBRARY = "libc++";
				CLANG_ENABLE_MODULES = YES;
				CLANG_ENABLE_OBJC_ARC = YES;
				CLANG_ENABLE_OBJC_WEAK = YES;
				CLANG_WARN_BLOCK_CAPTURE_AUTORELEASING = YES;
				CLANG_WARN_BOOL_CONVERSION = YES;
				CLANG_WARN_COMMA = YES;
				CLANG_WARN_CONSTANT_CONVERSION = YES;
				CLANG_WARN_DEPRECATED_OBJC_IMPLEMENTATIONS = YES;
				CLANG_WARN_DIRECT_OBJC_ISA_USAGE = YES_ERROR;
				CLANG_WARN_DOCUMENTATION_COMMENTS = YES;
				CLANG_WARN_EMPTY_BODY = YES;
				CLANG_WARN_ENUM_CONVERSION = YES;
				CLANG_WARN_INFINITE_RECURSION = YES;
				CLANG_WARN_INT_CONVERSION = YES;
				CLANG_WARN_NON_LITERAL_NULL_CONVERSION = YES;
				CLANG_WARN_OBJC_IMPLICIT_RETAIN_SELF = YES;
				CLANG_WARN_OBJC_LITERAL_CONVERSION = YES;
				CLANG_WARN_OBJC_ROOT_CLASS = YES_ERROR;
				CLANG_WARN_QUOTED_INCLUDE_IN_FRAMEWORK_HEADER = YES;
				CLANG_WARN_RANGE_LOOP_ANALYSIS = YES;
				CLANG_WARN_STRICT_PROTOTYPES = YES;
				CLANG_WARN_SUSPICIOUS_MOVE = YES;
				CLANG_WARN_UNGUARDED_AVAILABILITY = YES_AGGRESSIVE;
				CLANG_WARN_UNREACHABLE_CODE = YES;
				CLANG_WARN__DUPLICATE_METHOD_MATCH = YES;
				COPY_PHASE_STRIP = NO;
				DEBUG_INFORMATION_FORMAT = "dwarf-with-dsym";
				ENABLE_NS_ASSERTIONS = NO;
				ENABLE_STRICT_OBJC_MSGSEND = YES;
				GCC_C_LANGUAGE_STANDARD = gnu11;
				GCC_NO_COMMON_BLOCKS = YES;
				GCC_WARN_64_TO_32_BIT_CONVERSION = YES;
				GCC_WARN_ABOUT_RETURN_TYPE = YES_ERROR;
				GCC_WARN_UNDECLARED_SELECTOR = YES;
				GCC_WARN_UNINITIALIZED_AUTOS = YES_AGGRESSIVE;
				GCC_WARN_UNUSED_FUNCTION = YES;
				GCC_WARN_UNUSED_VARIABLE = YES;
				IPHONEOS_DEPLOYMENT_TARGET = 15.2;
				MTL_ENABLE_DEBUG_INFO = NO;
				MTL_FAST_MATH = YES;
				SDKROOT = iphoneos;
				SWIFT_COMPILATION_MODE = wholemodule;
				SWIFT_OPTIMIZATION_LEVEL = "-O";
				VALIDATE_PRODUCT = YES;
			};
			name = Release;
		};
		75F3A00A27DA3447008A4E4A /* Debug */ = {
			isa = XCBuildConfiguration;
			buildSettings = {
				ASSETCATALOG_COMPILER_APPICON_NAME = AppIcon;
				ASSETCATALOG_COMPILER_GLOBAL_ACCENT_COLOR_NAME = AccentColor;
				CODE_SIGN_STYLE = Automatic;
				CURRENT_PROJECT_VERSION = 1;
				GENERATE_INFOPLIST_FILE = YES;
				INFOPLIST_FILE = EightQueensPuzzle/Info.plist;
				INFOPLIST_KEY_UIApplicationSupportsIndirectInputEvents = YES;
				INFOPLIST_KEY_UILaunchStoryboardName = LaunchScreen;
				INFOPLIST_KEY_UISupportedInterfaceOrientations_iPad = "UIInterfaceOrientationPortrait UIInterfaceOrientationPortraitUpsideDown UIInterfaceOrientationLandscapeLeft UIInterfaceOrientationLandscapeRight";
				INFOPLIST_KEY_UISupportedInterfaceOrientations_iPhone = "UIInterfaceOrientationPortrait UIInterfaceOrientationLandscapeLeft UIInterfaceOrientationLandscapeRight";
				LD_RUNPATH_SEARCH_PATHS = (
					"$(inherited)",
					"@executable_path/Frameworks",
				);
				MARKETING_VERSION = 1.0;
				PRODUCT_BUNDLE_IDENTIFIER = com.andrei.EightQueensPuzzle;
				PRODUCT_NAME = "$(TARGET_NAME)";
				SWIFT_EMIT_LOC_STRINGS = YES;
				SWIFT_VERSION = 5.0;
				TARGETED_DEVICE_FAMILY = "1,2";
			};
			name = Debug;
		};
		75F3A00B27DA3447008A4E4A /* Release */ = {
			isa = XCBuildConfiguration;
			buildSettings = {
				ASSETCATALOG_COMPILER_APPICON_NAME = AppIcon;
				ASSETCATALOG_COMPILER_GLOBAL_ACCENT_COLOR_NAME = AccentColor;
				CODE_SIGN_STYLE = Automatic;
				CURRENT_PROJECT_VERSION = 1;
				GENERATE_INFOPLIST_FILE = YES;
				INFOPLIST_FILE = EightQueensPuzzle/Info.plist;
				INFOPLIST_KEY_UIApplicationSupportsIndirectInputEvents = YES;
				INFOPLIST_KEY_UILaunchStoryboardName = LaunchScreen;
				INFOPLIST_KEY_UISupportedInterfaceOrientations_iPad = "UIInterfaceOrientationPortrait UIInterfaceOrientationPortraitUpsideDown UIInterfaceOrientationLandscapeLeft UIInterfaceOrientationLandscapeRight";
				INFOPLIST_KEY_UISupportedInterfaceOrientations_iPhone = "UIInterfaceOrientationPortrait UIInterfaceOrientationLandscapeLeft UIInterfaceOrientationLandscapeRight";
				LD_RUNPATH_SEARCH_PATHS = (
					"$(inherited)",
					"@executable_path/Frameworks",
				);
				MARKETING_VERSION = 1.0;
				PRODUCT_BUNDLE_IDENTIFIER = com.andrei.EightQueensPuzzle;
				PRODUCT_NAME = "$(TARGET_NAME)";
				SWIFT_EMIT_LOC_STRINGS = YES;
				SWIFT_VERSION = 5.0;
				TARGETED_DEVICE_FAMILY = "1,2";
			};
			name = Release;
		};
		75F3A00D27DA3447008A4E4A /* Debug */ = {
			isa = XCBuildConfiguration;
			buildSettings = {
				ALWAYS_EMBED_SWIFT_STANDARD_LIBRARIES = YES;
				BUNDLE_LOADER = "$(TEST_HOST)";
				CODE_SIGN_STYLE = Automatic;
				CURRENT_PROJECT_VERSION = 1;
				GENERATE_INFOPLIST_FILE = YES;
				IPHONEOS_DEPLOYMENT_TARGET = 15.2;
				MARKETING_VERSION = 1.0;
				PRODUCT_BUNDLE_IDENTIFIER = com.andrei.EightQueensPuzzleTests;
				PRODUCT_NAME = "$(TARGET_NAME)";
				SWIFT_EMIT_LOC_STRINGS = NO;
				SWIFT_VERSION = 5.0;
				TARGETED_DEVICE_FAMILY = "1,2";
				TEST_HOST = "$(BUILT_PRODUCTS_DIR)/EightQueensPuzzle.app/EightQueensPuzzle";
			};
			name = Debug;
		};
		75F3A00E27DA3447008A4E4A /* Release */ = {
			isa = XCBuildConfiguration;
			buildSettings = {
				ALWAYS_EMBED_SWIFT_STANDARD_LIBRARIES = YES;
				BUNDLE_LOADER = "$(TEST_HOST)";
				CODE_SIGN_STYLE = Automatic;
				CURRENT_PROJECT_VERSION = 1;
				GENERATE_INFOPLIST_FILE = YES;
				IPHONEOS_DEPLOYMENT_TARGET = 15.2;
				MARKETING_VERSION = 1.0;
				PRODUCT_BUNDLE_IDENTIFIER = com.andrei.EightQueensPuzzleTests;
				PRODUCT_NAME = "$(TARGET_NAME)";
				SWIFT_EMIT_LOC_STRINGS = NO;
				SWIFT_VERSION = 5.0;
				TARGETED_DEVICE_FAMILY = "1,2";
				TEST_HOST = "$(BUILT_PRODUCTS_DIR)/EightQueensPuzzle.app/EightQueensPuzzle";
			};
			name = Release;
		};
		75F3A01027DA3447008A4E4A /* Debug */ = {
			isa = XCBuildConfiguration;
			buildSettings = {
				ALWAYS_EMBED_SWIFT_STANDARD_LIBRARIES = YES;
				CODE_SIGN_STYLE = Automatic;
				CURRENT_PROJECT_VERSION = 1;
				GENERATE_INFOPLIST_FILE = YES;
				MARKETING_VERSION = 1.0;
				PRODUCT_BUNDLE_IDENTIFIER = com.andrei.EightQueensPuzzleUITests;
				PRODUCT_NAME = "$(TARGET_NAME)";
				SWIFT_EMIT_LOC_STRINGS = NO;
				SWIFT_VERSION = 5.0;
				TARGETED_DEVICE_FAMILY = "1,2";
				TEST_TARGET_NAME = EightQueensPuzzle;
			};
			name = Debug;
		};
		75F3A01127DA3447008A4E4A /* Release */ = {
			isa = XCBuildConfiguration;
			buildSettings = {
				ALWAYS_EMBED_SWIFT_STANDARD_LIBRARIES = YES;
				CODE_SIGN_STYLE = Automatic;
				CURRENT_PROJECT_VERSION = 1;
				GENERATE_INFOPLIST_FILE = YES;
				MARKETING_VERSION = 1.0;
				PRODUCT_BUNDLE_IDENTIFIER = com.andrei.EightQueensPuzzleUITests;
				PRODUCT_NAME = "$(TARGET_NAME)";
				SWIFT_EMIT_LOC_STRINGS = NO;
				SWIFT_VERSION = 5.0;
				TARGETED_DEVICE_FAMILY = "1,2";
				TEST_TARGET_NAME = EightQueensPuzzle;
			};
			name = Release;
		};
/* End XCBuildConfiguration section */

/* Begin XCConfigurationList section */
		75F39FDA27DA3444008A4E4A /* Build configuration list for PBXProject "EightQueensPuzzle" */ = {
			isa = XCConfigurationList;
			buildConfigurations = (
				75F3A00727DA3447008A4E4A /* Debug */,
				75F3A00827DA3447008A4E4A /* Release */,
			);
			defaultConfigurationIsVisible = 0;
			defaultConfigurationName = Release;
		};
		75F3A00927DA3447008A4E4A /* Build configuration list for PBXNativeTarget "EightQueensPuzzle" */ = {
			isa = XCConfigurationList;
			buildConfigurations = (
				75F3A00A27DA3447008A4E4A /* Debug */,
				75F3A00B27DA3447008A4E4A /* Release */,
			);
			defaultConfigurationIsVisible = 0;
			defaultConfigurationName = Release;
		};
		75F3A00C27DA3447008A4E4A /* Build configuration list for PBXNativeTarget "EightQueensPuzzleTests" */ = {
			isa = XCConfigurationList;
			buildConfigurations = (
				75F3A00D27DA3447008A4E4A /* Debug */,
				75F3A00E27DA3447008A4E4A /* Release */,
			);
			defaultConfigurationIsVisible = 0;
			defaultConfigurationName = Release;
		};
		75F3A00F27DA3447008A4E4A /* Build configuration list for PBXNativeTarget "EightQueensPuzzleUITests" */ = {
			isa = XCConfigurationList;
			buildConfigurations = (
				75F3A01027DA3447008A4E4A /* Debug */,
				75F3A01127DA3447008A4E4A /* Release */,
			);
			defaultConfigurationIsVisible = 0;
			defaultConfigurationName = Release;
		};
/* End XCConfigurationList section */

/* Begin XCRemoteSwiftPackageReference section */
		75F3A01E27DB8036008A4E4A /* XCRemoteSwiftPackageReference "SwiftCSP" */ = {
			isa = XCRemoteSwiftPackageReference;
			repositoryURL = "https://github.com/davecom/SwiftCSP.git";
			requirement = {
				kind = upToNextMajorVersion;
				minimumVersion = 0.9.8;
			};
		};
/* End XCRemoteSwiftPackageReference section */

/* Begin XCSwiftPackageProductDependency section */
		75F3A01F27DB8036008A4E4A /* SwiftCSP */ = {
			isa = XCSwiftPackageProductDependency;
			package = 75F3A01E27DB8036008A4E4A /* XCRemoteSwiftPackageReference "SwiftCSP" */;
			productName = SwiftCSP;
		};
/* End XCSwiftPackageProductDependency section */
	};
	rootObject = 75F39FD727DA3444008A4E4A /* Project object */;
}
